
Microsoft Visual Studio Solution File, Format Version 11.00
# Visual Studio 2010
Project("{FAE04EC0-301F-11D3-BF4B-00C04F79EFBC}") = "UnityEngine.TestRunner", "UnityEngine.TestRunner.csproj", "{8fc80757-1428-f0cb-00a7-a041098cd18d}"
EndProject
Project("{FAE04EC0-301F-11D3-BF4B-00C04F79EFBC}") = "Unity.Mathematics", "Unity.Mathematics.csproj", "{6f42d384-760d-776d-f2d8-1082281a4ee9}"
EndProject
Project("{FAE04EC0-301F-11D3-BF4B-00C04F79EFBC}") = "Unity.2D.Animation.Triangle.Runtime", "Unity.2D.Animation.Triangle.Runtime.csproj", "{ad8ec120-92a5-9e49-77a6-9f9fb4037a0d}"
EndProject
Project("{FAE04EC0-301F-11D3-BF4B-00C04F79EFBC}") = "Unity.Timeline", "Unity.Timeline.csproj", "{40137020-9eec-2066-f3f2-fcbc87dc039e}"
EndProject
Project("{FAE04EC0-301F-11D3-BF4B-00C04F79EFBC}") = "UnityEngine.UI", "UnityEngine.UI.csproj", "{788443c1-0831-6ca3-2f74-5b126dc22290}"
EndProject
Project("{FAE04EC0-301F-11D3-BF4B-00C04F79EFBC}") = "Unity.TextMeshPro", "Unity.TextMeshPro.csproj", "{86d587fa-1036-a847-2f4b-0fbfc14c5409}"
EndProject
Project("{FAE04EC0-301F-11D3-BF4B-00C04F79EFBC}") = "Unity.2D.Animation.Runtime", "Unity.2D.Animation.Runtime.csproj", "{e435a49e-f981-376b-27f9-dff06271a164}"
EndProject
Project("{FAE04EC0-301F-11D3-BF4B-00C04F79EFBC}") = "Unity.2D.IK.Runtime", "Unity.2D.IK.Runtime.csproj", "{abfb2394-e569-fb84-3c17-a2d7e2b70bd3}"
EndProject
Project("{FAE04EC0-301F-11D3-BF4B-00C04F79EFBC}") = "Unity.2D.SpriteShape.Runtime", "Unity.2D.SpriteShape.Runtime.csproj", "{7bf4e59e-1ba6-bf1a-f989-b7b2ccd71be2}"
EndProject
Project("{FAE04EC0-301F-11D3-BF4B-00C04F79EFBC}") = "Assembly-CSharp", "Assembly-CSharp.csproj", "{069060e6-f9a3-56fa-7db5-6900ac06821c}"
EndProject
Project("{FAE04EC0-301F-11D3-BF4B-00C04F79EFBC}") = "Unity.2D.PixelPerfect", "Unity.2D.PixelPerfect.csproj", "{b950d83a-5123-5370-ad11-01cd19e00dd0}"
EndProject
Project("{FAE04EC0-301F-11D3-BF4B-00C04F79EFBC}") = "Unity.2D.Common.Runtime", "Unity.2D.Common.Runtime.csproj", "{5efb3518-80be-c85a-ac4f-58cf723764a4}"
EndProject
Project("{FAE04EC0-301F-11D3-BF4B-00C04F79EFBC}") = "Unity.InternalAPIEngineBridge.001", "Unity.InternalAPIEngineBridge.001.csproj", "{3fba6620-f8eb-1fef-26ec-97ce91bc08fe}"
EndProject
Project("{FAE04EC0-301F-11D3-BF4B-00C04F79EFBC}") = "UnityEditor.TestRunner", "UnityEditor.TestRunner.csproj", "{c2f28eca-935c-e899-3623-58efdc1c3a2c}"
EndProject
Project("{FAE04EC0-301F-11D3-BF4B-00C04F79EFBC}") = "Unity.PlasticSCM.Editor", "Unity.PlasticSCM.Editor.csproj", "{879ae8c1-d39e-9323-f8a0-daad6f2ffac1}"
EndProject
Project("{FAE04EC0-301F-11D3-BF4B-00C04F79EFBC}") = "UnityEditor.UI", "UnityEditor.UI.csproj", "{ca61d527-1fb7-74a9-19ba-65d0ff159465}"
EndProject
Project("{FAE04EC0-301F-11D3-BF4B-00C04F79EFBC}") = "Unity.Services.Core.Editor", "Unity.Services.Core.Editor.csproj", "{1d1919e4-f8fd-6419-cf54-4f4f3506db50}"
EndProject
Project("{FAE04EC0-301F-11D3-BF4B-00C04F79EFBC}") = "Unity.Timeline.Editor", "Unity.Timeline.Editor.csproj", "{dee0427b-cc3e-53e2-e19e-bc1f3b0e8620}"
EndProject
Project("{FAE04EC0-301F-11D3-BF4B-00C04F79EFBC}") = "Unity.VisualStudio.Editor", "Unity.VisualStudio.Editor.csproj", "{b740899a-464b-cb97-f50e-f240074db050}"
EndProject
Project("{FAE04EC0-301F-11D3-BF4B-00C04F79EFBC}") = "Unity.2D.Psdimporter.Editor", "Unity.2D.Psdimporter.Editor.csproj", "{4d9239c5-b771-8f3e-ffda-a35e7f24a7c5}"
EndProject
Project("{FAE04EC0-301F-11D3-BF4B-00C04F79EFBC}") = "Unity.2D.Animation.Editor", "Unity.2D.Animation.Editor.csproj", "{ab07008d-4642-83be-f2c3-ecf99373aa4b}"
EndProject
Project("{FAE04EC0-301F-11D3-BF4B-00C04F79EFBC}") = "Unity.TextMeshPro.Editor", "Unity.TextMeshPro.Editor.csproj", "{ccdb1655-35b5-ce3c-870c-599424476d33}"
EndProject
Project("{FAE04EC0-301F-11D3-BF4B-00C04F79EFBC}") = "Unity.2D.SpriteShape.Editor", "Unity.2D.SpriteShape.Editor.csproj", "{33828e89-e73e-2a13-b373-feff30c9333b}"
EndProject
Project("{FAE04EC0-301F-11D3-BF4B-00C04F79EFBC}") = "Unity.CollabProxy.Editor", "Unity.CollabProxy.Editor.csproj", "{1747da86-9253-34a8-858b-e1d38fa01db8}"
EndProject
Project("{FAE04EC0-301F-11D3-BF4B-00C04F79EFBC}") = "PsdPlugin", "PsdPlugin.csproj", "{8e428dde-8b78-f020-0d94-7e4253ae49c9}"
EndProject
Project("{FAE04EC0-301F-11D3-BF4B-00C04F79EFBC}") = "Unity.2D.Path.Editor", "Unity.2D.Path.Editor.csproj", "{d2198f80-175e-096d-6105-fdb4b40d454e}"
EndProject
Project("{FAE04EC0-301F-11D3-BF4B-00C04F79EFBC}") = "Unity.Rider.Editor", "Unity.Rider.Editor.csproj", "{194b0953-d124-bce0-0a3d-7acfc189761f}"
EndProject
Project("{FAE04EC0-301F-11D3-BF4B-00C04F79EFBC}") = "Unity.2D.IK.Editor", "Unity.2D.IK.Editor.csproj", "{835d9e7f-939a-3ef5-f212-cfce78d808c7}"
EndProject
Project("{FAE04EC0-301F-11D3-BF4B-00C04F79EFBC}") = "Unity.2D.Sprite.Editor", "Unity.2D.Sprite.Editor.csproj", "{5a3204b0-9eae-b96f-b099-dc2ae6b9544a}"
EndProject
Project("{FAE04EC0-301F-11D3-BF4B-00C04F79EFBC}") = "Unity.2D.Tilemap.Editor", "Unity.2D.Tilemap.Editor.csproj", "{c0573e8e-cb27-1267-ac7b-1f0ed5a5554f}"
EndProject
Project("{FAE04EC0-301F-11D3-BF4B-00C04F79EFBC}") = "Unity.2D.PixelPerfect.Editor", "Unity.2D.PixelPerfect.Editor.csproj", "{9c9fc0e4-47f0-acc4-56dc-acd78dd548aa}"
EndProject
Project("{FAE04EC0-301F-11D3-BF4B-00C04F79EFBC}") = "Unity.VSCode.Editor", "Unity.VSCode.Editor.csproj", "{5de7030f-2e1d-9da9-3be3-a8c07e4b9d9d}"
EndProject
Project("{FAE04EC0-301F-11D3-BF4B-00C04F79EFBC}") = "Unity.2D.Common.Editor", "Unity.2D.Common.Editor.csproj", "{2356842a-84fe-5469-f3ea-961068d2b3f9}"
EndProject
Project("{FAE04EC0-301F-11D3-BF4B-00C04F79EFBC}") = "Unity.Mathematics.Editor", "Unity.Mathematics.Editor.csproj", "{b32357b6-724f-420b-4c46-4478f6efec1b}"
EndProject
Project("{FAE04EC0-301F-11D3-BF4B-00C04F79EFBC}") = "Unity.InternalAPIEditorBridge.001", "Unity.InternalAPIEditorBridge.001.csproj", "{117f1026-cf9a-177f-ae72-d0140c1266ff}"
EndProject
Global
	GlobalSection(SolutionConfigurationPlatforms) = preSolution
		Debug|Any CPU = Debug|Any CPU
	EndGlobalSection
	GlobalSection(ProjectConfigurationPlatforms) = postSolution
		{8fc80757-1428-f0cb-00a7-a041098cd18d}.Debug|Any CPU.ActiveCfg = Debug|Any CPU
		{8fc80757-1428-f0cb-00a7-a041098cd18d}.Debug|Any CPU.Build.0 = Debug|Any CPU
		{6f42d384-760d-776d-f2d8-1082281a4ee9}.Debug|Any CPU.ActiveCfg = Debug|Any CPU
		{6f42d384-760d-776d-f2d8-1082281a4ee9}.Debug|Any CPU.Build.0 = Debug|Any CPU
		{ad8ec120-92a5-9e49-77a6-9f9fb4037a0d}.Debug|Any CPU.ActiveCfg = Debug|Any CPU
		{ad8ec120-92a5-9e49-77a6-9f9fb4037a0d}.Debug|Any CPU.Build.0 = Debug|Any CPU
		{40137020-9eec-2066-f3f2-fcbc87dc039e}.Debug|Any CPU.ActiveCfg = Debug|Any CPU
		{40137020-9eec-2066-f3f2-fcbc87dc039e}.Debug|Any CPU.Build.0 = Debug|Any CPU
		{788443c1-0831-6ca3-2f74-5b126dc22290}.Debug|Any CPU.ActiveCfg = Debug|Any CPU
		{788443c1-0831-6ca3-2f74-5b126dc22290}.Debug|Any CPU.Build.0 = Debug|Any CPU
		{86d587fa-1036-a847-2f4b-0fbfc14c5409}.Debug|Any CPU.ActiveCfg = Debug|Any CPU
		{86d587fa-1036-a847-2f4b-0fbfc14c5409}.Debug|Any CPU.Build.0 = Debug|Any CPU
		{e435a49e-f981-376b-27f9-dff06271a164}.Debug|Any CPU.ActiveCfg = Debug|Any CPU
		{e435a49e-f981-376b-27f9-dff06271a164}.Debug|Any CPU.Build.0 = Debug|Any CPU
		{abfb2394-e569-fb84-3c17-a2d7e2b70bd3}.Debug|Any CPU.ActiveCfg = Debug|Any CPU
		{abfb2394-e569-fb84-3c17-a2d7e2b70bd3}.Debug|Any CPU.Build.0 = Debug|Any CPU
		{7bf4e59e-1ba6-bf1a-f989-b7b2ccd71be2}.Debug|Any CPU.ActiveCfg = Debug|Any CPU
		{7bf4e59e-1ba6-bf1a-f989-b7b2ccd71be2}.Debug|Any CPU.Build.0 = Debug|Any CPU
		{069060e6-f9a3-56fa-7db5-6900ac06821c}.Debug|Any CPU.ActiveCfg = Debug|Any CPU
		{069060e6-f9a3-56fa-7db5-6900ac06821c}.Debug|Any CPU.Build.0 = Debug|Any CPU
		{b950d83a-5123-5370-ad11-01cd19e00dd0}.Debug|Any CPU.ActiveCfg = Debug|Any CPU
		{b950d83a-5123-5370-ad11-01cd19e00dd0}.Debug|Any CPU.Build.0 = Debug|Any CPU
		{5efb3518-80be-c85a-ac4f-58cf723764a4}.Debug|Any CPU.ActiveCfg = Debug|Any CPU
		{5efb3518-80be-c85a-ac4f-58cf723764a4}.Debug|Any CPU.Build.0 = Debug|Any CPU
		{3fba6620-f8eb-1fef-26ec-97ce91bc08fe}.Debug|Any CPU.ActiveCfg = Debug|Any CPU
		{3fba6620-f8eb-1fef-26ec-97ce91bc08fe}.Debug|Any CPU.Build.0 = Debug|Any CPU
		{c2f28eca-935c-e899-3623-58efdc1c3a2c}.Debug|Any CPU.ActiveCfg = Debug|Any CPU
		{c2f28eca-935c-e899-3623-58efdc1c3a2c}.Debug|Any CPU.Build.0 = Debug|Any CPU
		{879ae8c1-d39e-9323-f8a0-daad6f2ffac1}.Debug|Any CPU.ActiveCfg = Debug|Any CPU
		{879ae8c1-d39e-9323-f8a0-daad6f2ffac1}.Debug|Any CPU.Build.0 = Debug|Any CPU
		{ca61d527-1fb7-74a9-19ba-65d0ff159465}.Debug|Any CPU.ActiveCfg = Debug|Any CPU
		{ca61d527-1fb7-74a9-19ba-65d0ff159465}.Debug|Any CPU.Build.0 = Debug|Any CPU
		{1d1919e4-f8fd-6419-cf54-4f4f3506db50}.Debug|Any CPU.ActiveCfg = Debug|Any CPU
		{1d1919e4-f8fd-6419-cf54-4f4f3506db50}.Debug|Any CPU.Build.0 = Debug|Any CPU
		{dee0427b-cc3e-53e2-e19e-bc1f3b0e8620}.Debug|Any CPU.ActiveCfg = Debug|Any CPU
		{dee0427b-cc3e-53e2-e19e-bc1f3b0e8620}.Debug|Any CPU.Build.0 = Debug|Any CPU
		{b740899a-464b-cb97-f50e-f240074db050}.Debug|Any CPU.ActiveCfg = Debug|Any CPU
		{b740899a-464b-cb97-f50e-f240074db050}.Debug|Any CPU.Build.0 = Debug|Any CPU
		{4d9239c5-b771-8f3e-ffda-a35e7f24a7c5}.Debug|Any CPU.ActiveCfg = Debug|Any CPU
		{4d9239c5-b771-8f3e-ffda-a35e7f24a7c5}.Debug|Any CPU.Build.0 = Debug|Any CPU
		{ab07008d-4642-83be-f2c3-ecf99373aa4b}.Debug|Any CPU.ActiveCfg = Debug|Any CPU
		{ab07008d-4642-83be-f2c3-ecf99373aa4b}.Debug|Any CPU.Build.0 = Debug|Any CPU
		{ccdb1655-35b5-ce3c-870c-599424476d33}.Debug|Any CPU.ActiveCfg = Debug|Any CPU
		{ccdb1655-35b5-ce3c-870c-599424476d33}.Debug|Any CPU.Build.0 = Debug|Any CPU
		{33828e89-e73e-2a13-b373-feff30c9333b}.Debug|Any CPU.ActiveCfg = Debug|Any CPU
		{33828e89-e73e-2a13-b373-feff30c9333b}.Debug|Any CPU.Build.0 = Debug|Any CPU
		{1747da86-9253-34a8-858b-e1d38fa01db8}.Debug|Any CPU.ActiveCfg = Debug|Any CPU
		{1747da86-9253-34a8-858b-e1d38fa01db8}.Debug|Any CPU.Build.0 = Debug|Any CPU
		{8e428dde-8b78-f020-0d94-7e4253ae49c9}.Debug|Any CPU.ActiveCfg = Debug|Any CPU
		{8e428dde-8b78-f020-0d94-7e4253ae49c9}.Debug|Any CPU.Build.0 = Debug|Any CPU
		{d2198f80-175e-096d-6105-fdb4b40d454e}.Debug|Any CPU.ActiveCfg = Debug|Any CPU
		{d2198f80-175e-096d-6105-fdb4b40d454e}.Debug|Any CPU.Build.0 = Debug|Any CPU
		{194b0953-d124-bce0-0a3d-7acfc189761f}.Debug|Any CPU.ActiveCfg = Debug|Any CPU
		{194b0953-d124-bce0-0a3d-7acfc189761f}.Debug|Any CPU.Build.0 = Debug|Any CPU
		{835d9e7f-939a-3ef5-f212-cfce78d808c7}.Debug|Any CPU.ActiveCfg = Debug|Any CPU
		{835d9e7f-939a-3ef5-f212-cfce78d808c7}.Debug|Any CPU.Build.0 = Debug|Any CPU
		{5a3204b0-9eae-b96f-b099-dc2ae6b9544a}.Debug|Any CPU.ActiveCfg = Debug|Any CPU
		{5a3204b0-9eae-b96f-b099-dc2ae6b9544a}.Debug|Any CPU.Build.0 = Debug|Any CPU
		{c0573e8e-cb27-1267-ac7b-1f0ed5a5554f}.Debug|Any CPU.ActiveCfg = Debug|Any CPU
		{c0573e8e-cb27-1267-ac7b-1f0ed5a5554f}.Debug|Any CPU.Build.0 = Debug|Any CPU
		{9c9fc0e4-47f0-acc4-56dc-acd78dd548aa}.Debug|Any CPU.ActiveCfg = Debug|Any CPU
		{9c9fc0e4-47f0-acc4-56dc-acd78dd548aa}.Debug|Any CPU.Build.0 = Debug|Any CPU
		{5de7030f-2e1d-9da9-3be3-a8c07e4b9d9d}.Debug|Any CPU.ActiveCfg = Debug|Any CPU
		{5de7030f-2e1d-9da9-3be3-a8c07e4b9d9d}.Debug|Any CPU.Build.0 = Debug|Any CPU
		{2356842a-84fe-5469-f3ea-961068d2b3f9}.Debug|Any CPU.ActiveCfg = Debug|Any CPU
		{2356842a-84fe-5469-f3ea-961068d2b3f9}.Debug|Any CPU.Build.0 = Debug|Any CPU
		{b32357b6-724f-420b-4c46-4478f6efec1b}.Debug|Any CPU.ActiveCfg = Debug|Any CPU
		{b32357b6-724f-420b-4c46-4478f6efec1b}.Debug|Any CPU.Build.0 = Debug|Any CPU
		{117f1026-cf9a-177f-ae72-d0140c1266ff}.Debug|Any CPU.ActiveCfg = Debug|Any CPU
		{117f1026-cf9a-177f-ae72-d0140c1266ff}.Debug|Any CPU.Build.0 = Debug|Any CPU
	EndGlobalSection
	GlobalSection(SolutionProperties) = preSolution
		HideSolutionNode = FALSE
	EndGlobalSection
EndGlobal
